
Microsoft Visual Studio Solution File, Format Version 12.00
# Visual Studio Version 17
VisualStudioVersion = 17.13.35931.197 d17.13
MinimumVisualStudioVersion = 10.0.40219.1
Project("{FAE04EC0-301F-11D3-BF4B-00C04F79EFBC}") = "_001TestDifDir", "_001TestDifDir\_001TestDifDir.csproj", "{35F5E9AF-80C7-4B55-B6AE-EE0AB948D4D9}"
EndProject
Project("{FAE04EC0-301F-11D3-BF4B-00C04F79EFBC}") = "_001TestDifDirTests", "_001TestDifDirTests\_001TestDifDirTests.csproj", "{DBADACC9-FBCD-4EB5-AB0A-9FBF643E38C6}"
EndProject
Global
	GlobalSection(SolutionConfigurationPlatforms) = preSolution
		Debug|Any CPU = Debug|Any CPU
		Release|Any CPU = Release|Any CPU
	EndGlobalSection
	GlobalSection(ProjectConfigurationPlatforms) = postSolution
		{35F5E9AF-80C7-4B55-B6AE-EE0AB948D4D9}.Debug|Any CPU.ActiveCfg = Debug|Any CPU
		{35F5E9AF-80C7-4B55-B6AE-EE0AB948D4D9}.Debug|Any CPU.Build.0 = Debug|Any CPU
		{35F5E9AF-80C7-4B55-B6AE-EE0AB948D4D9}.Release|Any CPU.ActiveCfg = Release|Any CPU
		{35F5E9AF-80C7-4B55-B6AE-EE0AB948D4D9}.Release|Any CPU.Build.0 = Release|Any CPU
		{DBADACC9-FBCD-4EB5-AB0A-9FBF643E38C6}.Debug|Any CPU.ActiveCfg = Debug|Any CPU
		{DBADACC9-FBCD-4EB5-AB0A-9FBF643E38C6}.Debug|Any CPU.Build.0 = Debug|Any CPU
		{DBADACC9-FBCD-4EB5-AB0A-9FBF643E38C6}.Release|Any CPU.ActiveCfg = Release|Any CPU
		{DBADACC9-FBCD-4EB5-AB0A-9FBF643E38C6}.Release|Any CPU.Build.0 = Release|Any CPU
	EndGlobalSection
	GlobalSection(SolutionProperties) = preSolution
		HideSolutionNode = FALSE
	EndGlobalSection
	GlobalSection(ExtensibilityGlobals) = postSolution
		SolutionGuid = {4EFBEDD1-B542-4AB0-A124-9D41CC8EAF4D}
	EndGlobalSection
EndGlobal
