
Microsoft Visual Studio Solution File, Format Version 12.00
# Visual Studio Version 17
VisualStudioVersion = 17.13.35931.197 d17.13
MinimumVisualStudioVersion = 10.0.40219.1
Project("{FAE04EC0-301F-11D3-BF4B-00C04F79EFBC}") = "_001TestSameDir", "_001TestSameDir.csproj", "{D30DCBB4-46E8-4873-AF98-736C96323388}"
EndProject
Project("{FAE04EC0-301F-11D3-BF4B-00C04F79EFBC}") = "_001TestSameDirTests", "..\_001TestSameDirTests\_001TestSameDirTests.csproj", "{49739AE5-5FAF-4D77-BF41-8F231B7F1E80}"
EndProject
Global
	GlobalSection(SolutionConfigurationPlatforms) = preSolution
		Debug|Any CPU = Debug|Any CPU
		Release|Any CPU = Release|Any CPU
	EndGlobalSection
	GlobalSection(ProjectConfigurationPlatforms) = postSolution
		{D30DCBB4-46E8-4873-AF98-736C96323388}.Debug|Any CPU.ActiveCfg = Debug|Any CPU
		{D30DCBB4-46E8-4873-AF98-736C96323388}.Debug|Any CPU.Build.0 = Debug|Any CPU
		{D30DCBB4-46E8-4873-AF98-736C96323388}.Release|Any CPU.ActiveCfg = Release|Any CPU
		{D30DCBB4-46E8-4873-AF98-736C96323388}.Release|Any CPU.Build.0 = Release|Any CPU
		{49739AE5-5FAF-4D77-BF41-8F231B7F1E80}.Debug|Any CPU.ActiveCfg = Debug|Any CPU
		{49739AE5-5FAF-4D77-BF41-8F231B7F1E80}.Debug|Any CPU.Build.0 = Debug|Any CPU
		{49739AE5-5FAF-4D77-BF41-8F231B7F1E80}.Release|Any CPU.ActiveCfg = Release|Any CPU
		{49739AE5-5FAF-4D77-BF41-8F231B7F1E80}.Release|Any CPU.Build.0 = Release|Any CPU
	EndGlobalSection
	GlobalSection(SolutionProperties) = preSolution
		HideSolutionNode = FALSE
	EndGlobalSection
	GlobalSection(ExtensibilityGlobals) = postSolution
		SolutionGuid = {7567D5C2-596F-4D2F-A2BE-3C19EE8278CB}
	EndGlobalSection
EndGlobal
